// !$*UTF8*$!
{
	archiveVersion = 1;
	classes = {
	};
	objectVersion = 48;
	objects = {

/* Begin PBXBuildFile section */
		4A07C96B1FA2122B00AFD762 /* AppDelegate.m in Sources */ = {isa = PBXBuildFile; fileRef = 4A07C96A1FA2122B00AFD762 /* AppDelegate.m */; };
		4A07C96E1FA2122B00AFD762 /* ViewController.m in Sources */ = {isa = PBXBuildFile; fileRef = 4A07C96D1FA2122B00AFD762 /* ViewController.m */; };
		4A07C9711FA2122B00AFD762 /* Main.storyboard in Resources */ = {isa = PBXBuildFile; fileRef = 4A07C96F1FA2122B00AFD762 /* Main.storyboard */; };
		4A07C9731FA2122B00AFD762 /* Assets.xcassets in Resources */ = {isa = PBXBuildFile; fileRef = 4A07C9721FA2122B00AFD762 /* Assets.xcassets */; };
		4A07C9761FA2122B00AFD762 /* LaunchScreen.storyboard in Resources */ = {isa = PBXBuildFile; fileRef = 4A07C9741FA2122B00AFD762 /* LaunchScreen.storyboard */; };
		4A07C9791FA2122B00AFD762 /* main.m in Sources */ = {isa = PBXBuildFile; fileRef = 4A07C9781FA2122B00AFD762 /* main.m */; };
		4A1FC3721FA872CC005DF9D6 /* AppDelegate.m in Sources */ = {isa = PBXBuildFile; fileRef = 4A1FC3711FA872CC005DF9D6 /* AppDelegate.m */; };
		4A1FC3751FA872CC005DF9D6 /* ViewController.m in Sources */ = {isa = PBXBuildFile; fileRef = 4A1FC3741FA872CC005DF9D6 /* ViewController.m */; };
		4A1FC3781FA872CC005DF9D6 /* Main.storyboard in Resources */ = {isa = PBXBuildFile; fileRef = 4A1FC3761FA872CC005DF9D6 /* Main.storyboard */; };
		4A1FC37A1FA872CC005DF9D6 /* Assets.xcassets in Resources */ = {isa = PBXBuildFile; fileRef = 4A1FC3791FA872CC005DF9D6 /* Assets.xcassets */; };
		4A1FC37D1FA872CC005DF9D6 /* LaunchScreen.storyboard in Resources */ = {isa = PBXBuildFile; fileRef = 4A1FC37B1FA872CC005DF9D6 /* LaunchScreen.storyboard */; };
		4A1FC3801FA872CC005DF9D6 /* main.m in Sources */ = {isa = PBXBuildFile; fileRef = 4A1FC37F1FA872CC005DF9D6 /* main.m */; };
		4A2F3A591FA36ECF00DA2986 /* BinaryTree.m in Sources */ = {isa = PBXBuildFile; fileRef = 4A2F3A581FA36ECF00DA2986 /* BinaryTree.m */; };
		4A2F3A621FA6B29800DA2986 /* AppDelegate.m in Sources */ = {isa = PBXBuildFile; fileRef = 4A2F3A611FA6B29800DA2986 /* AppDelegate.m */; };
		4A2F3A651FA6B29800DA2986 /* ViewController.m in Sources */ = {isa = PBXBuildFile; fileRef = 4A2F3A641FA6B29800DA2986 /* ViewController.m */; };
		4A2F3A681FA6B29800DA2986 /* Main.storyboard in Resources */ = {isa = PBXBuildFile; fileRef = 4A2F3A661FA6B29800DA2986 /* Main.storyboard */; };
		4A2F3A6A1FA6B29800DA2986 /* Assets.xcassets in Resources */ = {isa = PBXBuildFile; fileRef = 4A2F3A691FA6B29800DA2986 /* Assets.xcassets */; };
		4A2F3A6D1FA6B29800DA2986 /* LaunchScreen.storyboard in Resources */ = {isa = PBXBuildFile; fileRef = 4A2F3A6B1FA6B29800DA2986 /* LaunchScreen.storyboard */; };
		4A2F3A701FA6B29800DA2986 /* main.m in Sources */ = {isa = PBXBuildFile; fileRef = 4A2F3A6F1FA6B29800DA2986 /* main.m */; };
		4A2F3A7D1FA6D20A00DA2986 /* AppDelegate.m in Sources */ = {isa = PBXBuildFile; fileRef = 4A2F3A7C1FA6D20A00DA2986 /* AppDelegate.m */; };
		4A2F3A801FA6D20A00DA2986 /* ViewController.m in Sources */ = {isa = PBXBuildFile; fileRef = 4A2F3A7F1FA6D20A00DA2986 /* ViewController.m */; };
		4A2F3A831FA6D20A00DA2986 /* Main.storyboard in Resources */ = {isa = PBXBuildFile; fileRef = 4A2F3A811FA6D20A00DA2986 /* Main.storyboard */; };
		4A2F3A851FA6D20A00DA2986 /* Assets.xcassets in Resources */ = {isa = PBXBuildFile; fileRef = 4A2F3A841FA6D20A00DA2986 /* Assets.xcassets */; };
		4A2F3A881FA6D20A00DA2986 /* LaunchScreen.storyboard in Resources */ = {isa = PBXBuildFile; fileRef = 4A2F3A861FA6D20A00DA2986 /* LaunchScreen.storyboard */; };
		4A2F3A8B1FA6D20A00DA2986 /* main.m in Sources */ = {isa = PBXBuildFile; fileRef = 4A2F3A8A1FA6D20A00DA2986 /* main.m */; };
		4A2F3A911FA6F38C00DA2986 /* MPPortViewController.m in Sources */ = {isa = PBXBuildFile; fileRef = 4A2F3A901FA6F38C00DA2986 /* MPPortViewController.m */; };
		4A2F3A9A1FA711EA00DA2986 /* AppDelegate.m in Sources */ = {isa = PBXBuildFile; fileRef = 4A2F3A991FA711EA00DA2986 /* AppDelegate.m */; };
		4A2F3A9D1FA711EA00DA2986 /* ViewController.m in Sources */ = {isa = PBXBuildFile; fileRef = 4A2F3A9C1FA711EA00DA2986 /* ViewController.m */; };
		4A2F3AA01FA711EA00DA2986 /* Main.storyboard in Resources */ = {isa = PBXBuildFile; fileRef = 4A2F3A9E1FA711EA00DA2986 /* Main.storyboard */; };
		4A2F3AA21FA711EA00DA2986 /* Assets.xcassets in Resources */ = {isa = PBXBuildFile; fileRef = 4A2F3AA11FA711EA00DA2986 /* Assets.xcassets */; };
		4A2F3AA51FA711EA00DA2986 /* LaunchScreen.storyboard in Resources */ = {isa = PBXBuildFile; fileRef = 4A2F3AA31FA711EA00DA2986 /* LaunchScreen.storyboard */; };
		4A2F3AA81FA711EA00DA2986 /* main.m in Sources */ = {isa = PBXBuildFile; fileRef = 4A2F3AA71FA711EA00DA2986 /* main.m */; };
		4A6460B01F97854C00232CB5 /* AppDelegate.m in Sources */ = {isa = PBXBuildFile; fileRef = 4A6460AF1F97854C00232CB5 /* AppDelegate.m */; };
		4A6460B31F97854C00232CB5 /* ViewController.m in Sources */ = {isa = PBXBuildFile; fileRef = 4A6460B21F97854C00232CB5 /* ViewController.m */; };
		4A6460B61F97854C00232CB5 /* Main.storyboard in Resources */ = {isa = PBXBuildFile; fileRef = 4A6460B41F97854C00232CB5 /* Main.storyboard */; };
		4A6460B81F97854C00232CB5 /* Assets.xcassets in Resources */ = {isa = PBXBuildFile; fileRef = 4A6460B71F97854C00232CB5 /* Assets.xcassets */; };
		4A6460BB1F97854C00232CB5 /* LaunchScreen.storyboard in Resources */ = {isa = PBXBuildFile; fileRef = 4A6460B91F97854C00232CB5 /* LaunchScreen.storyboard */; };
		4A6460BE1F97854C00232CB5 /* main.m in Sources */ = {isa = PBXBuildFile; fileRef = 4A6460BD1F97854C00232CB5 /* main.m */; };
		4A6460C71F9792BB00232CB5 /* NSString+Util.m in Sources */ = {isa = PBXBuildFile; fileRef = 4A6460C61F9792BB00232CB5 /* NSString+Util.m */; };
		4A6460CA1F97995100232CB5 /* UIView+Util.m in Sources */ = {isa = PBXBuildFile; fileRef = 4A6460C91F97995100232CB5 /* UIView+Util.m */; };
		4A6460CE1F979D2B00232CB5 /* NSObject+DeallocBlock.m in Sources */ = {isa = PBXBuildFile; fileRef = 4A6460CD1F979D2B00232CB5 /* NSObject+DeallocBlock.m */; };
		4ACA397E1FA8B784005B046D /* AppDelegate.m in Sources */ = {isa = PBXBuildFile; fileRef = 4ACA397D1FA8B784005B046D /* AppDelegate.m */; };
		4ACA39811FA8B784005B046D /* ViewController.m in Sources */ = {isa = PBXBuildFile; fileRef = 4ACA39801FA8B784005B046D /* ViewController.m */; };
		4ACA39841FA8B784005B046D /* Main.storyboard in Resources */ = {isa = PBXBuildFile; fileRef = 4ACA39821FA8B784005B046D /* Main.storyboard */; };
		4ACA39861FA8B784005B046D /* Assets.xcassets in Resources */ = {isa = PBXBuildFile; fileRef = 4ACA39851FA8B784005B046D /* Assets.xcassets */; };
		4ACA39891FA8B784005B046D /* LaunchScreen.storyboard in Resources */ = {isa = PBXBuildFile; fileRef = 4ACA39871FA8B784005B046D /* LaunchScreen.storyboard */; };
		4ACA398C1FA8B784005B046D /* main.m in Sources */ = {isa = PBXBuildFile; fileRef = 4ACA398B1FA8B784005B046D /* main.m */; };
		4ACA39931FA8B7B7005B046D /* MPPerson.m in Sources */ = {isa = PBXBuildFile; fileRef = 4ACA39921FA8B7B7005B046D /* MPPerson.m */; };
		4ACA39961FA8C4AD005B046D /* NSObject+MPKVO.m in Sources */ = {isa = PBXBuildFile; fileRef = 4ACA39951FA8C4AD005B046D /* NSObject+MPKVO.m */; };
		EE7B8407200350A000C12DB4 /* AppDelegate.m in Sources */ = {isa = PBXBuildFile; fileRef = EE7B8406200350A000C12DB4 /* AppDelegate.m */; };
		EE7B840A200350A000C12DB4 /* ViewController.m in Sources */ = {isa = PBXBuildFile; fileRef = EE7B8409200350A000C12DB4 /* ViewController.m */; };
		EE7B840D200350A000C12DB4 /* Main.storyboard in Resources */ = {isa = PBXBuildFile; fileRef = EE7B840B200350A000C12DB4 /* Main.storyboard */; };
		EE7B840F200350A000C12DB4 /* Assets.xcassets in Resources */ = {isa = PBXBuildFile; fileRef = EE7B840E200350A000C12DB4 /* Assets.xcassets */; };
		EE7B8412200350A000C12DB4 /* LaunchScreen.storyboard in Resources */ = {isa = PBXBuildFile; fileRef = EE7B8410200350A000C12DB4 /* LaunchScreen.storyboard */; };
		EE7B8415200350A000C12DB4 /* main.m in Sources */ = {isa = PBXBuildFile; fileRef = EE7B8414200350A000C12DB4 /* main.m */; };
		EE7B841C200355E000C12DB4 /* MCRCBubbleView.m in Sources */ = {isa = PBXBuildFile; fileRef = EE7B841B200355E000C12DB4 /* MCRCBubbleView.m */; };
/* End PBXBuildFile section */

/* Begin PBXFileReference section */
		4A07C9671FA2122B00AFD762 /* algorithm.app */ = {isa = PBXFileReference; explicitFileType = wrapper.application; includeInIndex = 0; path = algorithm.app; sourceTree = BUILT_PRODUCTS_DIR; };
		4A07C9691FA2122B00AFD762 /* AppDelegate.h */ = {isa = PBXFileReference; lastKnownFileType = sourcecode.c.h; path = AppDelegate.h; sourceTree = "<group>"; };
		4A07C96A1FA2122B00AFD762 /* AppDelegate.m */ = {isa = PBXFileReference; lastKnownFileType = sourcecode.c.objc; path = AppDelegate.m; sourceTree = "<group>"; };
		4A07C96C1FA2122B00AFD762 /* ViewController.h */ = {isa = PBXFileReference; lastKnownFileType = sourcecode.c.h; path = ViewController.h; sourceTree = "<group>"; };
		4A07C96D1FA2122B00AFD762 /* ViewController.m */ = {isa = PBXFileReference; lastKnownFileType = sourcecode.c.objc; path = ViewController.m; sourceTree = "<group>"; };
		4A07C9701FA2122B00AFD762 /* Base */ = {isa = PBXFileReference; lastKnownFileType = file.storyboard; name = Base; path = Base.lproj/Main.storyboard; sourceTree = "<group>"; };
		4A07C9721FA2122B00AFD762 /* Assets.xcassets */ = {isa = PBXFileReference; lastKnownFileType = folder.assetcatalog; path = Assets.xcassets; sourceTree = "<group>"; };
		4A07C9751FA2122B00AFD762 /* Base */ = {isa = PBXFileReference; lastKnownFileType = file.storyboard; name = Base; path = Base.lproj/LaunchScreen.storyboard; sourceTree = "<group>"; };
		4A07C9771FA2122B00AFD762 /* Info.plist */ = {isa = PBXFileReference; lastKnownFileType = text.plist.xml; path = Info.plist; sourceTree = "<group>"; };
		4A07C9781FA2122B00AFD762 /* main.m */ = {isa = PBXFileReference; lastKnownFileType = sourcecode.c.objc; path = main.m; sourceTree = "<group>"; };
		4A1FC36E1FA872CC005DF9D6 /* Notification.app */ = {isa = PBXFileReference; explicitFileType = wrapper.application; includeInIndex = 0; path = Notification.app; sourceTree = BUILT_PRODUCTS_DIR; };
		4A1FC3701FA872CC005DF9D6 /* AppDelegate.h */ = {isa = PBXFileReference; lastKnownFileType = sourcecode.c.h; path = AppDelegate.h; sourceTree = "<group>"; };
		4A1FC3711FA872CC005DF9D6 /* AppDelegate.m */ = {isa = PBXFileReference; lastKnownFileType = sourcecode.c.objc; path = AppDelegate.m; sourceTree = "<group>"; };
		4A1FC3731FA872CC005DF9D6 /* ViewController.h */ = {isa = PBXFileReference; lastKnownFileType = sourcecode.c.h; path = ViewController.h; sourceTree = "<group>"; };
		4A1FC3741FA872CC005DF9D6 /* ViewController.m */ = {isa = PBXFileReference; lastKnownFileType = sourcecode.c.objc; path = ViewController.m; sourceTree = "<group>"; };
		4A1FC3771FA872CC005DF9D6 /* Base */ = {isa = PBXFileReference; lastKnownFileType = file.storyboard; name = Base; path = Base.lproj/Main.storyboard; sourceTree = "<group>"; };
		4A1FC3791FA872CC005DF9D6 /* Assets.xcassets */ = {isa = PBXFileReference; lastKnownFileType = folder.assetcatalog; path = Assets.xcassets; sourceTree = "<group>"; };
		4A1FC37C1FA872CC005DF9D6 /* Base */ = {isa = PBXFileReference; lastKnownFileType = file.storyboard; name = Base; path = Base.lproj/LaunchScreen.storyboard; sourceTree = "<group>"; };
		4A1FC37E1FA872CC005DF9D6 /* Info.plist */ = {isa = PBXFileReference; lastKnownFileType = text.plist.xml; path = Info.plist; sourceTree = "<group>"; };
		4A1FC37F1FA872CC005DF9D6 /* main.m */ = {isa = PBXFileReference; lastKnownFileType = sourcecode.c.objc; path = main.m; sourceTree = "<group>"; };
		4A2F3A571FA36ECF00DA2986 /* BinaryTree.h */ = {isa = PBXFileReference; lastKnownFileType = sourcecode.c.h; path = BinaryTree.h; sourceTree = "<group>"; };
		4A2F3A581FA36ECF00DA2986 /* BinaryTree.m */ = {isa = PBXFileReference; lastKnownFileType = sourcecode.c.objc; path = BinaryTree.m; sourceTree = "<group>"; };
		4A2F3A5E1FA6B29800DA2986 /* Thread.app */ = {isa = PBXFileReference; explicitFileType = wrapper.application; includeInIndex = 0; path = Thread.app; sourceTree = BUILT_PRODUCTS_DIR; };
		4A2F3A601FA6B29800DA2986 /* AppDelegate.h */ = {isa = PBXFileReference; lastKnownFileType = sourcecode.c.h; path = AppDelegate.h; sourceTree = "<group>"; };
		4A2F3A611FA6B29800DA2986 /* AppDelegate.m */ = {isa = PBXFileReference; lastKnownFileType = sourcecode.c.objc; path = AppDelegate.m; sourceTree = "<group>"; };
		4A2F3A631FA6B29800DA2986 /* ViewController.h */ = {isa = PBXFileReference; lastKnownFileType = sourcecode.c.h; path = ViewController.h; sourceTree = "<group>"; };
		4A2F3A641FA6B29800DA2986 /* ViewController.m */ = {isa = PBXFileReference; lastKnownFileType = sourcecode.c.objc; path = ViewController.m; sourceTree = "<group>"; };
		4A2F3A671FA6B29800DA2986 /* Base */ = {isa = PBXFileReference; lastKnownFileType = file.storyboard; name = Base; path = Base.lproj/Main.storyboard; sourceTree = "<group>"; };
		4A2F3A691FA6B29800DA2986 /* Assets.xcassets */ = {isa = PBXFileReference; lastKnownFileType = folder.assetcatalog; path = Assets.xcassets; sourceTree = "<group>"; };
		4A2F3A6C1FA6B29800DA2986 /* Base */ = {isa = PBXFileReference; lastKnownFileType = file.storyboard; name = Base; path = Base.lproj/LaunchScreen.storyboard; sourceTree = "<group>"; };
		4A2F3A6E1FA6B29800DA2986 /* Info.plist */ = {isa = PBXFileReference; lastKnownFileType = text.plist.xml; path = Info.plist; sourceTree = "<group>"; };
		4A2F3A6F1FA6B29800DA2986 /* main.m */ = {isa = PBXFileReference; lastKnownFileType = sourcecode.c.objc; path = main.m; sourceTree = "<group>"; };
		4A2F3A791FA6D20A00DA2986 /* Runtime.app */ = {isa = PBXFileReference; explicitFileType = wrapper.application; includeInIndex = 0; path = Runtime.app; sourceTree = BUILT_PRODUCTS_DIR; };
		4A2F3A7B1FA6D20A00DA2986 /* AppDelegate.h */ = {isa = PBXFileReference; lastKnownFileType = sourcecode.c.h; path = AppDelegate.h; sourceTree = "<group>"; };
		4A2F3A7C1FA6D20A00DA2986 /* AppDelegate.m */ = {isa = PBXFileReference; lastKnownFileType = sourcecode.c.objc; path = AppDelegate.m; sourceTree = "<group>"; };
		4A2F3A7E1FA6D20A00DA2986 /* ViewController.h */ = {isa = PBXFileReference; lastKnownFileType = sourcecode.c.h; path = ViewController.h; sourceTree = "<group>"; };
		4A2F3A7F1FA6D20A00DA2986 /* ViewController.m */ = {isa = PBXFileReference; lastKnownFileType = sourcecode.c.objc; path = ViewController.m; sourceTree = "<group>"; };
		4A2F3A821FA6D20A00DA2986 /* Base */ = {isa = PBXFileReference; lastKnownFileType = file.storyboard; name = Base; path = Base.lproj/Main.storyboard; sourceTree = "<group>"; };
		4A2F3A841FA6D20A00DA2986 /* Assets.xcassets */ = {isa = PBXFileReference; lastKnownFileType = folder.assetcatalog; path = Assets.xcassets; sourceTree = "<group>"; };
		4A2F3A871FA6D20A00DA2986 /* Base */ = {isa = PBXFileReference; lastKnownFileType = file.storyboard; name = Base; path = Base.lproj/LaunchScreen.storyboard; sourceTree = "<group>"; };
		4A2F3A891FA6D20A00DA2986 /* Info.plist */ = {isa = PBXFileReference; lastKnownFileType = text.plist.xml; path = Info.plist; sourceTree = "<group>"; };
		4A2F3A8A1FA6D20A00DA2986 /* main.m */ = {isa = PBXFileReference; lastKnownFileType = sourcecode.c.objc; path = main.m; sourceTree = "<group>"; };
		4A2F3A8F1FA6F38C00DA2986 /* MPPortViewController.h */ = {isa = PBXFileReference; lastKnownFileType = sourcecode.c.h; path = MPPortViewController.h; sourceTree = "<group>"; };
		4A2F3A901FA6F38C00DA2986 /* MPPortViewController.m */ = {isa = PBXFileReference; lastKnownFileType = sourcecode.c.objc; path = MPPortViewController.m; sourceTree = "<group>"; };
		4A2F3A961FA711EA00DA2986 /* Block.app */ = {isa = PBXFileReference; explicitFileType = wrapper.application; includeInIndex = 0; path = Block.app; sourceTree = BUILT_PRODUCTS_DIR; };
		4A2F3A981FA711EA00DA2986 /* AppDelegate.h */ = {isa = PBXFileReference; lastKnownFileType = sourcecode.c.h; path = AppDelegate.h; sourceTree = "<group>"; };
		4A2F3A991FA711EA00DA2986 /* AppDelegate.m */ = {isa = PBXFileReference; lastKnownFileType = sourcecode.c.objc; path = AppDelegate.m; sourceTree = "<group>"; };
		4A2F3A9B1FA711EA00DA2986 /* ViewController.h */ = {isa = PBXFileReference; lastKnownFileType = sourcecode.c.h; path = ViewController.h; sourceTree = "<group>"; };
		4A2F3A9C1FA711EA00DA2986 /* ViewController.m */ = {isa = PBXFileReference; lastKnownFileType = sourcecode.c.objc; path = ViewController.m; sourceTree = "<group>"; };
		4A2F3A9F1FA711EA00DA2986 /* Base */ = {isa = PBXFileReference; lastKnownFileType = file.storyboard; name = Base; path = Base.lproj/Main.storyboard; sourceTree = "<group>"; };
		4A2F3AA11FA711EA00DA2986 /* Assets.xcassets */ = {isa = PBXFileReference; lastKnownFileType = folder.assetcatalog; path = Assets.xcassets; sourceTree = "<group>"; };
		4A2F3AA41FA711EA00DA2986 /* Base */ = {isa = PBXFileReference; lastKnownFileType = file.storyboard; name = Base; path = Base.lproj/LaunchScreen.storyboard; sourceTree = "<group>"; };
		4A2F3AA61FA711EA00DA2986 /* Info.plist */ = {isa = PBXFileReference; lastKnownFileType = text.plist.xml; path = Info.plist; sourceTree = "<group>"; };
		4A2F3AA71FA711EA00DA2986 /* main.m */ = {isa = PBXFileReference; lastKnownFileType = sourcecode.c.objc; path = main.m; sourceTree = "<group>"; };
		4A6460AB1F97854C00232CB5 /* Demo.app */ = {isa = PBXFileReference; explicitFileType = wrapper.application; includeInIndex = 0; path = Demo.app; sourceTree = BUILT_PRODUCTS_DIR; };
		4A6460AE1F97854C00232CB5 /* AppDelegate.h */ = {isa = PBXFileReference; lastKnownFileType = sourcecode.c.h; path = AppDelegate.h; sourceTree = "<group>"; };
		4A6460AF1F97854C00232CB5 /* AppDelegate.m */ = {isa = PBXFileReference; lastKnownFileType = sourcecode.c.objc; path = AppDelegate.m; sourceTree = "<group>"; };
		4A6460B11F97854C00232CB5 /* ViewController.h */ = {isa = PBXFileReference; lastKnownFileType = sourcecode.c.h; path = ViewController.h; sourceTree = "<group>"; };
		4A6460B21F97854C00232CB5 /* ViewController.m */ = {isa = PBXFileReference; lastKnownFileType = sourcecode.c.objc; path = ViewController.m; sourceTree = "<group>"; };
		4A6460B51F97854C00232CB5 /* Base */ = {isa = PBXFileReference; lastKnownFileType = file.storyboard; name = Base; path = Base.lproj/Main.storyboard; sourceTree = "<group>"; };
		4A6460B71F97854C00232CB5 /* Assets.xcassets */ = {isa = PBXFileReference; lastKnownFileType = folder.assetcatalog; path = Assets.xcassets; sourceTree = "<group>"; };
		4A6460BA1F97854C00232CB5 /* Base */ = {isa = PBXFileReference; lastKnownFileType = file.storyboard; name = Base; path = Base.lproj/LaunchScreen.storyboard; sourceTree = "<group>"; };
		4A6460BC1F97854C00232CB5 /* Info.plist */ = {isa = PBXFileReference; lastKnownFileType = text.plist.xml; path = Info.plist; sourceTree = "<group>"; };
		4A6460BD1F97854C00232CB5 /* main.m */ = {isa = PBXFileReference; lastKnownFileType = sourcecode.c.objc; path = main.m; sourceTree = "<group>"; };
		4A6460C51F9792BB00232CB5 /* NSString+Util.h */ = {isa = PBXFileReference; lastKnownFileType = sourcecode.c.h; path = "NSString+Util.h"; sourceTree = "<group>"; };
		4A6460C61F9792BB00232CB5 /* NSString+Util.m */ = {isa = PBXFileReference; lastKnownFileType = sourcecode.c.objc; path = "NSString+Util.m"; sourceTree = "<group>"; };
		4A6460C81F97995100232CB5 /* UIView+Util.h */ = {isa = PBXFileReference; lastKnownFileType = sourcecode.c.h; path = "UIView+Util.h"; sourceTree = "<group>"; };
		4A6460C91F97995100232CB5 /* UIView+Util.m */ = {isa = PBXFileReference; lastKnownFileType = sourcecode.c.objc; path = "UIView+Util.m"; sourceTree = "<group>"; };
		4A6460CC1F979D2A00232CB5 /* NSObject+DeallocBlock.h */ = {isa = PBXFileReference; fileEncoding = 4; lastKnownFileType = sourcecode.c.h; path = "NSObject+DeallocBlock.h"; sourceTree = "<group>"; };
		4A6460CD1F979D2B00232CB5 /* NSObject+DeallocBlock.m */ = {isa = PBXFileReference; fileEncoding = 4; lastKnownFileType = sourcecode.c.objc; path = "NSObject+DeallocBlock.m"; sourceTree = "<group>"; };
		4ACA397A1FA8B783005B046D /* KVO.app */ = {isa = PBXFileReference; explicitFileType = wrapper.application; includeInIndex = 0; path = KVO.app; sourceTree = BUILT_PRODUCTS_DIR; };
		4ACA397C1FA8B784005B046D /* AppDelegate.h */ = {isa = PBXFileReference; lastKnownFileType = sourcecode.c.h; path = AppDelegate.h; sourceTree = "<group>"; };
		4ACA397D1FA8B784005B046D /* AppDelegate.m */ = {isa = PBXFileReference; lastKnownFileType = sourcecode.c.objc; path = AppDelegate.m; sourceTree = "<group>"; };
		4ACA397F1FA8B784005B046D /* ViewController.h */ = {isa = PBXFileReference; lastKnownFileType = sourcecode.c.h; path = ViewController.h; sourceTree = "<group>"; };
		4ACA39801FA8B784005B046D /* ViewController.m */ = {isa = PBXFileReference; lastKnownFileType = sourcecode.c.objc; path = ViewController.m; sourceTree = "<group>"; };
		4ACA39831FA8B784005B046D /* Base */ = {isa = PBXFileReference; lastKnownFileType = file.storyboard; name = Base; path = Base.lproj/Main.storyboard; sourceTree = "<group>"; };
		4ACA39851FA8B784005B046D /* Assets.xcassets */ = {isa = PBXFileReference; lastKnownFileType = folder.assetcatalog; path = Assets.xcassets; sourceTree = "<group>"; };
		4ACA39881FA8B784005B046D /* Base */ = {isa = PBXFileReference; lastKnownFileType = file.storyboard; name = Base; path = Base.lproj/LaunchScreen.storyboard; sourceTree = "<group>"; };
		4ACA398A1FA8B784005B046D /* Info.plist */ = {isa = PBXFileReference; lastKnownFileType = text.plist.xml; path = Info.plist; sourceTree = "<group>"; };
		4ACA398B1FA8B784005B046D /* main.m */ = {isa = PBXFileReference; lastKnownFileType = sourcecode.c.objc; path = main.m; sourceTree = "<group>"; };
		4ACA39911FA8B7B7005B046D /* MPPerson.h */ = {isa = PBXFileReference; lastKnownFileType = sourcecode.c.h; path = MPPerson.h; sourceTree = "<group>"; };
		4ACA39921FA8B7B7005B046D /* MPPerson.m */ = {isa = PBXFileReference; lastKnownFileType = sourcecode.c.objc; path = MPPerson.m; sourceTree = "<group>"; };
		4ACA39941FA8C4AD005B046D /* NSObject+MPKVO.h */ = {isa = PBXFileReference; lastKnownFileType = sourcecode.c.h; path = "NSObject+MPKVO.h"; sourceTree = "<group>"; };
		4ACA39951FA8C4AD005B046D /* NSObject+MPKVO.m */ = {isa = PBXFileReference; lastKnownFileType = sourcecode.c.objc; path = "NSObject+MPKVO.m"; sourceTree = "<group>"; };
		EE7B8403200350A000C12DB4 /* Quartz2d.app */ = {isa = PBXFileReference; explicitFileType = wrapper.application; includeInIndex = 0; path = Quartz2d.app; sourceTree = BUILT_PRODUCTS_DIR; };
		EE7B8405200350A000C12DB4 /* AppDelegate.h */ = {isa = PBXFileReference; lastKnownFileType = sourcecode.c.h; path = AppDelegate.h; sourceTree = "<group>"; };
		EE7B8406200350A000C12DB4 /* AppDelegate.m */ = {isa = PBXFileReference; lastKnownFileType = sourcecode.c.objc; path = AppDelegate.m; sourceTree = "<group>"; };
		EE7B8408200350A000C12DB4 /* ViewController.h */ = {isa = PBXFileReference; lastKnownFileType = sourcecode.c.h; path = ViewController.h; sourceTree = "<group>"; };
		EE7B8409200350A000C12DB4 /* ViewController.m */ = {isa = PBXFileReference; lastKnownFileType = sourcecode.c.objc; path = ViewController.m; sourceTree = "<group>"; };
		EE7B840C200350A000C12DB4 /* Base */ = {isa = PBXFileReference; lastKnownFileType = file.storyboard; name = Base; path = Base.lproj/Main.storyboard; sourceTree = "<group>"; };
		EE7B840E200350A000C12DB4 /* Assets.xcassets */ = {isa = PBXFileReference; lastKnownFileType = folder.assetcatalog; path = Assets.xcassets; sourceTree = "<group>"; };
		EE7B8411200350A000C12DB4 /* Base */ = {isa = PBXFileReference; lastKnownFileType = file.storyboard; name = Base; path = Base.lproj/LaunchScreen.storyboard; sourceTree = "<group>"; };
		EE7B8413200350A000C12DB4 /* Info.plist */ = {isa = PBXFileReference; lastKnownFileType = text.plist.xml; path = Info.plist; sourceTree = "<group>"; };
		EE7B8414200350A000C12DB4 /* main.m */ = {isa = PBXFileReference; lastKnownFileType = sourcecode.c.objc; path = main.m; sourceTree = "<group>"; };
		EE7B841A200355DF00C12DB4 /* MCRCBubbleView.h */ = {isa = PBXFileReference; fileEncoding = 4; lastKnownFileType = sourcecode.c.h; name = MCRCBubbleView.h; path = Quartz2d/MCRCBubbleView.h; sourceTree = SOURCE_ROOT; };
		EE7B841B200355E000C12DB4 /* MCRCBubbleView.m */ = {isa = PBXFileReference; fileEncoding = 4; lastKnownFileType = sourcecode.c.objc; name = MCRCBubbleView.m; path = Quartz2d/MCRCBubbleView.m; sourceTree = SOURCE_ROOT; };
/* End PBXFileReference section */

/* Begin PBXFrameworksBuildPhase section */
		4A07C9641FA2122B00AFD762 /* Frameworks */ = {
			isa = PBXFrameworksBuildPhase;
			buildActionMask = 2147483647;
			files = (
			);
			runOnlyForDeploymentPostprocessing = 0;
		};
		4A1FC36B1FA872CC005DF9D6 /* Frameworks */ = {
			isa = PBXFrameworksBuildPhase;
			buildActionMask = 2147483647;
			files = (
			);
			runOnlyForDeploymentPostprocessing = 0;
		};
		4A2F3A5B1FA6B29800DA2986 /* Frameworks */ = {
			isa = PBXFrameworksBuildPhase;
			buildActionMask = 2147483647;
			files = (
			);
			runOnlyForDeploymentPostprocessing = 0;
		};
		4A2F3A761FA6D20A00DA2986 /* Frameworks */ = {
			isa = PBXFrameworksBuildPhase;
			buildActionMask = 2147483647;
			files = (
			);
			runOnlyForDeploymentPostprocessing = 0;
		};
		4A2F3A931FA711EA00DA2986 /* Frameworks */ = {
			isa = PBXFrameworksBuildPhase;
			buildActionMask = 2147483647;
			files = (
			);
			runOnlyForDeploymentPostprocessing = 0;
		};
		4A6460A81F97854C00232CB5 /* Frameworks */ = {
			isa = PBXFrameworksBuildPhase;
			buildActionMask = 2147483647;
			files = (
			);
			runOnlyForDeploymentPostprocessing = 0;
		};
		4ACA39771FA8B783005B046D /* Frameworks */ = {
			isa = PBXFrameworksBuildPhase;
			buildActionMask = 2147483647;
			files = (
			);
			runOnlyForDeploymentPostprocessing = 0;
		};
		EE7B8400200350A000C12DB4 /* Frameworks */ = {
			isa = PBXFrameworksBuildPhase;
			buildActionMask = 2147483647;
			files = (
			);
			runOnlyForDeploymentPostprocessing = 0;
		};
/* End PBXFrameworksBuildPhase section */

/* Begin PBXGroup section */
		4A07C9681FA2122B00AFD762 /* algorithm */ = {
			isa = PBXGroup;
			children = (
				4A2F3A561FA3571700DA2986 /* BinaryTree */,
				4A07C9691FA2122B00AFD762 /* AppDelegate.h */,
				4A07C96A1FA2122B00AFD762 /* AppDelegate.m */,
				4A07C96C1FA2122B00AFD762 /* ViewController.h */,
				4A07C96D1FA2122B00AFD762 /* ViewController.m */,
				4A07C96F1FA2122B00AFD762 /* Main.storyboard */,
				4A07C9721FA2122B00AFD762 /* Assets.xcassets */,
				4A07C9741FA2122B00AFD762 /* LaunchScreen.storyboard */,
				4A07C9771FA2122B00AFD762 /* Info.plist */,
				4A07C9781FA2122B00AFD762 /* main.m */,
			);
			path = algorithm;
			sourceTree = "<group>";
		};
		4A1FC36F1FA872CC005DF9D6 /* Notification */ = {
			isa = PBXGroup;
			children = (
				4A1FC3701FA872CC005DF9D6 /* AppDelegate.h */,
				4A1FC3711FA872CC005DF9D6 /* AppDelegate.m */,
				4A1FC3731FA872CC005DF9D6 /* ViewController.h */,
				4A1FC3741FA872CC005DF9D6 /* ViewController.m */,
				4A1FC3761FA872CC005DF9D6 /* Main.storyboard */,
				4A1FC3791FA872CC005DF9D6 /* Assets.xcassets */,
				4A1FC37B1FA872CC005DF9D6 /* LaunchScreen.storyboard */,
				4A1FC37E1FA872CC005DF9D6 /* Info.plist */,
				4A1FC37F1FA872CC005DF9D6 /* main.m */,
			);
			path = Notification;
			sourceTree = "<group>";
		};
		4A2F3A561FA3571700DA2986 /* BinaryTree */ = {
			isa = PBXGroup;
			children = (
				4A2F3A571FA36ECF00DA2986 /* BinaryTree.h */,
				4A2F3A581FA36ECF00DA2986 /* BinaryTree.m */,
			);
			path = BinaryTree;
			sourceTree = "<group>";
		};
		4A2F3A5F1FA6B29800DA2986 /* Thread */ = {
			isa = PBXGroup;
			children = (
				4A2F3A741FA6B2AA00DA2986 /* New Group */,
				4A2F3A611FA6B29800DA2986 /* AppDelegate.m */,
				4A2F3A631FA6B29800DA2986 /* ViewController.h */,
				4A2F3A641FA6B29800DA2986 /* ViewController.m */,
				4A2F3A661FA6B29800DA2986 /* Main.storyboard */,
				4A2F3A691FA6B29800DA2986 /* Assets.xcassets */,
				4A2F3A6B1FA6B29800DA2986 /* LaunchScreen.storyboard */,
				4A2F3A6E1FA6B29800DA2986 /* Info.plist */,
				4A2F3A6F1FA6B29800DA2986 /* main.m */,
			);
			path = Thread;
			sourceTree = "<group>";
		};
		4A2F3A741FA6B2AA00DA2986 /* New Group */ = {
			isa = PBXGroup;
			children = (
				4A2F3A601FA6B29800DA2986 /* AppDelegate.h */,
			);
			path = "New Group";
			sourceTree = "<group>";
		};
		4A2F3A7A1FA6D20A00DA2986 /* Runtime */ = {
			isa = PBXGroup;
			children = (
				4A2F3A7B1FA6D20A00DA2986 /* AppDelegate.h */,
				4A2F3A7C1FA6D20A00DA2986 /* AppDelegate.m */,
				4A2F3A7E1FA6D20A00DA2986 /* ViewController.h */,
				4A2F3A7F1FA6D20A00DA2986 /* ViewController.m */,
				4A2F3A811FA6D20A00DA2986 /* Main.storyboard */,
				4A2F3A841FA6D20A00DA2986 /* Assets.xcassets */,
				4A2F3A861FA6D20A00DA2986 /* LaunchScreen.storyboard */,
				4A2F3A891FA6D20A00DA2986 /* Info.plist */,
				4A2F3A8A1FA6D20A00DA2986 /* main.m */,
			);
			path = Runtime;
			sourceTree = "<group>";
		};
		4A2F3A971FA711EA00DA2986 /* Block */ = {
			isa = PBXGroup;
			children = (
				4A2F3A981FA711EA00DA2986 /* AppDelegate.h */,
				4A2F3A991FA711EA00DA2986 /* AppDelegate.m */,
				4A2F3A9B1FA711EA00DA2986 /* ViewController.h */,
				4A2F3A9C1FA711EA00DA2986 /* ViewController.m */,
				4A2F3A9E1FA711EA00DA2986 /* Main.storyboard */,
				4A2F3AA11FA711EA00DA2986 /* Assets.xcassets */,
				4A2F3AA31FA711EA00DA2986 /* LaunchScreen.storyboard */,
				4A2F3AA61FA711EA00DA2986 /* Info.plist */,
				4A2F3AA71FA711EA00DA2986 /* main.m */,
			);
			path = Block;
			sourceTree = "<group>";
		};
		4A6460A21F97854C00232CB5 = {
			isa = PBXGroup;
			children = (
				4A6460AD1F97854C00232CB5 /* Demo */,
				4A07C9681FA2122B00AFD762 /* algorithm */,
				4A2F3A5F1FA6B29800DA2986 /* Thread */,
				4A2F3A7A1FA6D20A00DA2986 /* Runtime */,
				4A2F3A971FA711EA00DA2986 /* Block */,
				4A1FC36F1FA872CC005DF9D6 /* Notification */,
				4ACA397B1FA8B784005B046D /* KVO */,
				EE7B8404200350A000C12DB4 /* Quartz2d */,
				4A6460AC1F97854C00232CB5 /* Products */,
			);
			sourceTree = "<group>";
		};
		4A6460AC1F97854C00232CB5 /* Products */ = {
			isa = PBXGroup;
			children = (
				4A6460AB1F97854C00232CB5 /* Demo.app */,
				4A07C9671FA2122B00AFD762 /* algorithm.app */,
				4A2F3A5E1FA6B29800DA2986 /* Thread.app */,
				4A2F3A791FA6D20A00DA2986 /* Runtime.app */,
				4A2F3A961FA711EA00DA2986 /* Block.app */,
				4A1FC36E1FA872CC005DF9D6 /* Notification.app */,
				4ACA397A1FA8B783005B046D /* KVO.app */,
				EE7B8403200350A000C12DB4 /* Quartz2d.app */,
			);
			name = Products;
			sourceTree = "<group>";
		};
		4A6460AD1F97854C00232CB5 /* Demo */ = {
			isa = PBXGroup;
			children = (
				4A6460CB1F979CF900232CB5 /* Catecory */,
				4A6460AE1F97854C00232CB5 /* AppDelegate.h */,
				4A6460AF1F97854C00232CB5 /* AppDelegate.m */,
				4A6460B11F97854C00232CB5 /* ViewController.h */,
				4A6460B21F97854C00232CB5 /* ViewController.m */,
				4A2F3A8F1FA6F38C00DA2986 /* MPPortViewController.h */,
				4A2F3A901FA6F38C00DA2986 /* MPPortViewController.m */,
				4A6460B41F97854C00232CB5 /* Main.storyboard */,
				4A6460B71F97854C00232CB5 /* Assets.xcassets */,
				4A6460B91F97854C00232CB5 /* LaunchScreen.storyboard */,
				4A6460BC1F97854C00232CB5 /* Info.plist */,
				4A6460BD1F97854C00232CB5 /* main.m */,
			);
			path = Demo;
			sourceTree = "<group>";
		};
		4A6460CB1F979CF900232CB5 /* Catecory */ = {
			isa = PBXGroup;
			children = (
				4A6460CC1F979D2A00232CB5 /* NSObject+DeallocBlock.h */,
				4A6460CD1F979D2B00232CB5 /* NSObject+DeallocBlock.m */,
				4A6460C51F9792BB00232CB5 /* NSString+Util.h */,
				4A6460C61F9792BB00232CB5 /* NSString+Util.m */,
				4A6460C81F97995100232CB5 /* UIView+Util.h */,
				4A6460C91F97995100232CB5 /* UIView+Util.m */,
			);
			path = Catecory;
			sourceTree = "<group>";
		};
		4ACA397B1FA8B784005B046D /* KVO */ = {
			isa = PBXGroup;
			children = (
				4ACA39901FA8B79C005B046D /* object */,
				4ACA397C1FA8B784005B046D /* AppDelegate.h */,
				4ACA397D1FA8B784005B046D /* AppDelegate.m */,
				4ACA397F1FA8B784005B046D /* ViewController.h */,
				4ACA39801FA8B784005B046D /* ViewController.m */,
				4ACA39821FA8B784005B046D /* Main.storyboard */,
				4ACA39851FA8B784005B046D /* Assets.xcassets */,
				4ACA39871FA8B784005B046D /* LaunchScreen.storyboard */,
				4ACA398A1FA8B784005B046D /* Info.plist */,
				4ACA398B1FA8B784005B046D /* main.m */,
			);
			path = KVO;
			sourceTree = "<group>";
		};
		4ACA39901FA8B79C005B046D /* object */ = {
			isa = PBXGroup;
			children = (
				4ACA39911FA8B7B7005B046D /* MPPerson.h */,
				4ACA39921FA8B7B7005B046D /* MPPerson.m */,
				4ACA39941FA8C4AD005B046D /* NSObject+MPKVO.h */,
				4ACA39951FA8C4AD005B046D /* NSObject+MPKVO.m */,
			);
			path = object;
			sourceTree = "<group>";
		};
		EE7B8404200350A000C12DB4 /* Quartz2d */ = {
			isa = PBXGroup;
			children = (
				EE7B8419200355D100C12DB4 /* bubble */,
				EE7B8405200350A000C12DB4 /* AppDelegate.h */,
				EE7B8406200350A000C12DB4 /* AppDelegate.m */,
				EE7B8408200350A000C12DB4 /* ViewController.h */,
				EE7B8409200350A000C12DB4 /* ViewController.m */,
				EE7B840B200350A000C12DB4 /* Main.storyboard */,
				EE7B840E200350A000C12DB4 /* Assets.xcassets */,
				EE7B8410200350A000C12DB4 /* LaunchScreen.storyboard */,
				EE7B8413200350A000C12DB4 /* Info.plist */,
				EE7B8414200350A000C12DB4 /* main.m */,
			);
			path = Quartz2d;
			sourceTree = "<group>";
		};
		EE7B8419200355D100C12DB4 /* bubble */ = {
			isa = PBXGroup;
			children = (
				EE7B841A200355DF00C12DB4 /* MCRCBubbleView.h */,
				EE7B841B200355E000C12DB4 /* MCRCBubbleView.m */,
			);
			path = bubble;
			sourceTree = "<group>";
		};
/* End PBXGroup section */

/* Begin PBXNativeTarget section */
		4A07C9661FA2122B00AFD762 /* algorithm */ = {
			isa = PBXNativeTarget;
			buildConfigurationList = 4A07C97C1FA2122B00AFD762 /* Build configuration list for PBXNativeTarget "algorithm" */;
			buildPhases = (
				4A07C9631FA2122B00AFD762 /* Sources */,
				4A07C9641FA2122B00AFD762 /* Frameworks */,
				4A07C9651FA2122B00AFD762 /* Resources */,
			);
			buildRules = (
			);
			dependencies = (
			);
			name = algorithm;
			productName = algorithm;
			productReference = 4A07C9671FA2122B00AFD762 /* algorithm.app */;
			productType = "com.apple.product-type.application";
		};
		4A1FC36D1FA872CC005DF9D6 /* Notification */ = {
			isa = PBXNativeTarget;
			buildConfigurationList = 4A1FC3831FA872CC005DF9D6 /* Build configuration list for PBXNativeTarget "Notification" */;
			buildPhases = (
				4A1FC36A1FA872CC005DF9D6 /* Sources */,
				4A1FC36B1FA872CC005DF9D6 /* Frameworks */,
				4A1FC36C1FA872CC005DF9D6 /* Resources */,
			);
			buildRules = (
			);
			dependencies = (
			);
			name = Notification;
			productName = Notification;
			productReference = 4A1FC36E1FA872CC005DF9D6 /* Notification.app */;
			productType = "com.apple.product-type.application";
		};
		4A2F3A5D1FA6B29800DA2986 /* Thread */ = {
			isa = PBXNativeTarget;
			buildConfigurationList = 4A2F3A731FA6B29800DA2986 /* Build configuration list for PBXNativeTarget "Thread" */;
			buildPhases = (
				4A2F3A5A1FA6B29800DA2986 /* Sources */,
				4A2F3A5B1FA6B29800DA2986 /* Frameworks */,
				4A2F3A5C1FA6B29800DA2986 /* Resources */,
			);
			buildRules = (
			);
			dependencies = (
			);
			name = Thread;
			productName = Thread;
			productReference = 4A2F3A5E1FA6B29800DA2986 /* Thread.app */;
			productType = "com.apple.product-type.application";
		};
		4A2F3A781FA6D20A00DA2986 /* Runtime */ = {
			isa = PBXNativeTarget;
			buildConfigurationList = 4A2F3A8C1FA6D20A00DA2986 /* Build configuration list for PBXNativeTarget "Runtime" */;
			buildPhases = (
				4A2F3A751FA6D20A00DA2986 /* Sources */,
				4A2F3A761FA6D20A00DA2986 /* Frameworks */,
				4A2F3A771FA6D20A00DA2986 /* Resources */,
			);
			buildRules = (
			);
			dependencies = (
			);
			name = Runtime;
			productName = Runtime;
			productReference = 4A2F3A791FA6D20A00DA2986 /* Runtime.app */;
			productType = "com.apple.product-type.application";
		};
		4A2F3A951FA711EA00DA2986 /* Block */ = {
			isa = PBXNativeTarget;
			buildConfigurationList = 4A2F3AA91FA711EA00DA2986 /* Build configuration list for PBXNativeTarget "Block" */;
			buildPhases = (
				4A2F3A921FA711EA00DA2986 /* Sources */,
				4A2F3A931FA711EA00DA2986 /* Frameworks */,
				4A2F3A941FA711EA00DA2986 /* Resources */,
			);
			buildRules = (
			);
			dependencies = (
			);
			name = Block;
			productName = Block;
			productReference = 4A2F3A961FA711EA00DA2986 /* Block.app */;
			productType = "com.apple.product-type.application";
		};
		4A6460AA1F97854C00232CB5 /* Demo */ = {
			isa = PBXNativeTarget;
			buildConfigurationList = 4A6460C11F97854C00232CB5 /* Build configuration list for PBXNativeTarget "Demo" */;
			buildPhases = (
				4A6460A71F97854C00232CB5 /* Sources */,
				4A6460A81F97854C00232CB5 /* Frameworks */,
				4A6460A91F97854C00232CB5 /* Resources */,
			);
			buildRules = (
			);
			dependencies = (
			);
			name = Demo;
			productName = Demo;
			productReference = 4A6460AB1F97854C00232CB5 /* Demo.app */;
			productType = "com.apple.product-type.application";
		};
		4ACA39791FA8B783005B046D /* KVO */ = {
			isa = PBXNativeTarget;
			buildConfigurationList = 4ACA398F1FA8B784005B046D /* Build configuration list for PBXNativeTarget "KVO" */;
			buildPhases = (
				4ACA39761FA8B783005B046D /* Sources */,
				4ACA39771FA8B783005B046D /* Frameworks */,
				4ACA39781FA8B783005B046D /* Resources */,
			);
			buildRules = (
			);
			dependencies = (
			);
			name = KVO;
			productName = KVO;
			productReference = 4ACA397A1FA8B783005B046D /* KVO.app */;
			productType = "com.apple.product-type.application";
		};
		EE7B8402200350A000C12DB4 /* Quartz2d */ = {
			isa = PBXNativeTarget;
			buildConfigurationList = EE7B8418200350A000C12DB4 /* Build configuration list for PBXNativeTarget "Quartz2d" */;
			buildPhases = (
				EE7B83FF200350A000C12DB4 /* Sources */,
				EE7B8400200350A000C12DB4 /* Frameworks */,
				EE7B8401200350A000C12DB4 /* Resources */,
			);
			buildRules = (
			);
			dependencies = (
			);
			name = Quartz2d;
			productName = Quartz2d;
			productReference = EE7B8403200350A000C12DB4 /* Quartz2d.app */;
			productType = "com.apple.product-type.application";
		};
/* End PBXNativeTarget section */

/* Begin PBXProject section */
		4A6460A31F97854C00232CB5 /* Project object */ = {
			isa = PBXProject;
			attributes = {
				CLASSPREFIX = MP;
				LastUpgradeCheck = 0900;
				ORGANIZATIONNAME = warmap;
				TargetAttributes = {
					4A07C9661FA2122B00AFD762 = {
						CreatedOnToolsVersion = 9.0.1;
						ProvisioningStyle = Automatic;
					};
					4A1FC36D1FA872CC005DF9D6 = {
						CreatedOnToolsVersion = 9.0.1;
						ProvisioningStyle = Automatic;
					};
					4A2F3A5D1FA6B29800DA2986 = {
						CreatedOnToolsVersion = 9.0.1;
						ProvisioningStyle = Automatic;
					};
					4A2F3A781FA6D20A00DA2986 = {
						CreatedOnToolsVersion = 9.0.1;
						ProvisioningStyle = Automatic;
					};
					4A2F3A951FA711EA00DA2986 = {
						CreatedOnToolsVersion = 9.0.1;
						ProvisioningStyle = Automatic;
					};
					4A6460AA1F97854C00232CB5 = {
						CreatedOnToolsVersion = 9.0.1;
						ProvisioningStyle = Automatic;
					};
					4ACA39791FA8B783005B046D = {
						CreatedOnToolsVersion = 9.0.1;
						ProvisioningStyle = Automatic;
					};
					EE7B8402200350A000C12DB4 = {
						CreatedOnToolsVersion = 9.2;
						ProvisioningStyle = Automatic;
					};
				};
			};
			buildConfigurationList = 4A6460A61F97854C00232CB5 /* Build configuration list for PBXProject "Demo" */;
			compatibilityVersion = "Xcode 8.0";
			developmentRegion = en;
			hasScannedForEncodings = 0;
			knownRegions = (
				en,
				Base,
			);
			mainGroup = 4A6460A21F97854C00232CB5;
			productRefGroup = 4A6460AC1F97854C00232CB5 /* Products */;
			projectDirPath = "";
			projectRoot = "";
			targets = (
				4A6460AA1F97854C00232CB5 /* Demo */,
				4A07C9661FA2122B00AFD762 /* algorithm */,
				4A2F3A5D1FA6B29800DA2986 /* Thread */,
				4A2F3A781FA6D20A00DA2986 /* Runtime */,
				4A2F3A951FA711EA00DA2986 /* Block */,
				4A1FC36D1FA872CC005DF9D6 /* Notification */,
				4ACA39791FA8B783005B046D /* KVO */,
				EE7B8402200350A000C12DB4 /* Quartz2d */,
			);
		};
/* End PBXProject section */

/* Begin PBXResourcesBuildPhase section */
		4A07C9651FA2122B00AFD762 /* Resources */ = {
			isa = PBXResourcesBuildPhase;
			buildActionMask = 2147483647;
			files = (
				4A07C9761FA2122B00AFD762 /* LaunchScreen.storyboard in Resources */,
				4A07C9731FA2122B00AFD762 /* Assets.xcassets in Resources */,
				4A07C9711FA2122B00AFD762 /* Main.storyboard in Resources */,
			);
			runOnlyForDeploymentPostprocessing = 0;
		};
		4A1FC36C1FA872CC005DF9D6 /* Resources */ = {
			isa = PBXResourcesBuildPhase;
			buildActionMask = 2147483647;
			files = (
				4A1FC37D1FA872CC005DF9D6 /* LaunchScreen.storyboard in Resources */,
				4A1FC37A1FA872CC005DF9D6 /* Assets.xcassets in Resources */,
				4A1FC3781FA872CC005DF9D6 /* Main.storyboard in Resources */,
			);
			runOnlyForDeploymentPostprocessing = 0;
		};
		4A2F3A5C1FA6B29800DA2986 /* Resources */ = {
			isa = PBXResourcesBuildPhase;
			buildActionMask = 2147483647;
			files = (
				4A2F3A6D1FA6B29800DA2986 /* LaunchScreen.storyboard in Resources */,
				4A2F3A6A1FA6B29800DA2986 /* Assets.xcassets in Resources */,
				4A2F3A681FA6B29800DA2986 /* Main.storyboard in Resources */,
			);
			runOnlyForDeploymentPostprocessing = 0;
		};
		4A2F3A771FA6D20A00DA2986 /* Resources */ = {
			isa = PBXResourcesBuildPhase;
			buildActionMask = 2147483647;
			files = (
				4A2F3A881FA6D20A00DA2986 /* LaunchScreen.storyboard in Resources */,
				4A2F3A851FA6D20A00DA2986 /* Assets.xcassets in Resources */,
				4A2F3A831FA6D20A00DA2986 /* Main.storyboard in Resources */,
			);
			runOnlyForDeploymentPostprocessing = 0;
		};
		4A2F3A941FA711EA00DA2986 /* Resources */ = {
			isa = PBXResourcesBuildPhase;
			buildActionMask = 2147483647;
			files = (
				4A2F3AA51FA711EA00DA2986 /* LaunchScreen.storyboard in Resources */,
				4A2F3AA21FA711EA00DA2986 /* Assets.xcassets in Resources */,
				4A2F3AA01FA711EA00DA2986 /* Main.storyboard in Resources */,
			);
			runOnlyForDeploymentPostprocessing = 0;
		};
		4A6460A91F97854C00232CB5 /* Resources */ = {
			isa = PBXResourcesBuildPhase;
			buildActionMask = 2147483647;
			files = (
				4A6460BB1F97854C00232CB5 /* LaunchScreen.storyboard in Resources */,
				4A6460B81F97854C00232CB5 /* Assets.xcassets in Resources */,
				4A6460B61F97854C00232CB5 /* Main.storyboard in Resources */,
			);
			runOnlyForDeploymentPostprocessing = 0;
		};
		4ACA39781FA8B783005B046D /* Resources */ = {
			isa = PBXResourcesBuildPhase;
			buildActionMask = 2147483647;
			files = (
				4ACA39891FA8B784005B046D /* LaunchScreen.storyboard in Resources */,
				4ACA39861FA8B784005B046D /* Assets.xcassets in Resources */,
				4ACA39841FA8B784005B046D /* Main.storyboard in Resources */,
			);
			runOnlyForDeploymentPostprocessing = 0;
		};
		EE7B8401200350A000C12DB4 /* Resources */ = {
			isa = PBXResourcesBuildPhase;
			buildActionMask = 2147483647;
			files = (
				EE7B8412200350A000C12DB4 /* LaunchScreen.storyboard in Resources */,
				EE7B840F200350A000C12DB4 /* Assets.xcassets in Resources */,
				EE7B840D200350A000C12DB4 /* Main.storyboard in Resources */,
			);
			runOnlyForDeploymentPostprocessing = 0;
		};
/* End PBXResourcesBuildPhase section */

/* Begin PBXSourcesBuildPhase section */
		4A07C9631FA2122B00AFD762 /* Sources */ = {
			isa = PBXSourcesBuildPhase;
			buildActionMask = 2147483647;
			files = (
				4A2F3A591FA36ECF00DA2986 /* BinaryTree.m in Sources */,
				4A07C96E1FA2122B00AFD762 /* ViewController.m in Sources */,
				4A07C9791FA2122B00AFD762 /* main.m in Sources */,
				4A07C96B1FA2122B00AFD762 /* AppDelegate.m in Sources */,
			);
			runOnlyForDeploymentPostprocessing = 0;
		};
		4A1FC36A1FA872CC005DF9D6 /* Sources */ = {
			isa = PBXSourcesBuildPhase;
			buildActionMask = 2147483647;
			files = (
				4A1FC3751FA872CC005DF9D6 /* ViewController.m in Sources */,
				4A1FC3801FA872CC005DF9D6 /* main.m in Sources */,
				4A1FC3721FA872CC005DF9D6 /* AppDelegate.m in Sources */,
			);
			runOnlyForDeploymentPostprocessing = 0;
		};
		4A2F3A5A1FA6B29800DA2986 /* Sources */ = {
			isa = PBXSourcesBuildPhase;
			buildActionMask = 2147483647;
			files = (
				4A2F3A651FA6B29800DA2986 /* ViewController.m in Sources */,
				4A2F3A701FA6B29800DA2986 /* main.m in Sources */,
				4A2F3A621FA6B29800DA2986 /* AppDelegate.m in Sources */,
			);
			runOnlyForDeploymentPostprocessing = 0;
		};
		4A2F3A751FA6D20A00DA2986 /* Sources */ = {
			isa = PBXSourcesBuildPhase;
			buildActionMask = 2147483647;
			files = (
				4A2F3A801FA6D20A00DA2986 /* ViewController.m in Sources */,
				4A2F3A8B1FA6D20A00DA2986 /* main.m in Sources */,
				4A2F3A7D1FA6D20A00DA2986 /* AppDelegate.m in Sources */,
			);
			runOnlyForDeploymentPostprocessing = 0;
		};
		4A2F3A921FA711EA00DA2986 /* Sources */ = {
			isa = PBXSourcesBuildPhase;
			buildActionMask = 2147483647;
			files = (
				4A2F3A9D1FA711EA00DA2986 /* ViewController.m in Sources */,
				4A2F3AA81FA711EA00DA2986 /* main.m in Sources */,
				4A2F3A9A1FA711EA00DA2986 /* AppDelegate.m in Sources */,
			);
			runOnlyForDeploymentPostprocessing = 0;
		};
		4A6460A71F97854C00232CB5 /* Sources */ = {
			isa = PBXSourcesBuildPhase;
			buildActionMask = 2147483647;
			files = (
				4A6460CE1F979D2B00232CB5 /* NSObject+DeallocBlock.m in Sources */,
				4A6460CA1F97995100232CB5 /* UIView+Util.m in Sources */,
				4A6460B31F97854C00232CB5 /* ViewController.m in Sources */,
				4A6460BE1F97854C00232CB5 /* main.m in Sources */,
				4A6460B01F97854C00232CB5 /* AppDelegate.m in Sources */,
				4A2F3A911FA6F38C00DA2986 /* MPPortViewController.m in Sources */,
				4A6460C71F9792BB00232CB5 /* NSString+Util.m in Sources */,
			);
			runOnlyForDeploymentPostprocessing = 0;
		};
		4ACA39761FA8B783005B046D /* Sources */ = {
			isa = PBXSourcesBuildPhase;
			buildActionMask = 2147483647;
			files = (
				4ACA39811FA8B784005B046D /* ViewController.m in Sources */,
				4ACA39931FA8B7B7005B046D /* MPPerson.m in Sources */,
				4ACA39961FA8C4AD005B046D /* NSObject+MPKVO.m in Sources */,
				4ACA398C1FA8B784005B046D /* main.m in Sources */,
				4ACA397E1FA8B784005B046D /* AppDelegate.m in Sources */,
			);
			runOnlyForDeploymentPostprocessing = 0;
		};
		EE7B83FF200350A000C12DB4 /* Sources */ = {
			isa = PBXSourcesBuildPhase;
			buildActionMask = 2147483647;
			files = (
				EE7B840A200350A000C12DB4 /* ViewController.m in Sources */,
				EE7B8415200350A000C12DB4 /* main.m in Sources */,
				EE7B8407200350A000C12DB4 /* AppDelegate.m in Sources */,
				EE7B841C200355E000C12DB4 /* MCRCBubbleView.m in Sources */,
			);
			runOnlyForDeploymentPostprocessing = 0;
		};
/* End PBXSourcesBuildPhase section */

/* Begin PBXVariantGroup section */
		4A07C96F1FA2122B00AFD762 /* Main.storyboard */ = {
			isa = PBXVariantGroup;
			children = (
				4A07C9701FA2122B00AFD762 /* Base */,
			);
			name = Main.storyboard;
			sourceTree = "<group>";
		};
		4A07C9741FA2122B00AFD762 /* LaunchScreen.storyboard */ = {
			isa = PBXVariantGroup;
			children = (
				4A07C9751FA2122B00AFD762 /* Base */,
			);
			name = LaunchScreen.storyboard;
			sourceTree = "<group>";
		};
		4A1FC3761FA872CC005DF9D6 /* Main.storyboard */ = {
			isa = PBXVariantGroup;
			children = (
				4A1FC3771FA872CC005DF9D6 /* Base */,
			);
			name = Main.storyboard;
			sourceTree = "<group>";
		};
		4A1FC37B1FA872CC005DF9D6 /* LaunchScreen.storyboard */ = {
			isa = PBXVariantGroup;
			children = (
				4A1FC37C1FA872CC005DF9D6 /* Base */,
			);
			name = LaunchScreen.storyboard;
			sourceTree = "<group>";
		};
		4A2F3A661FA6B29800DA2986 /* Main.storyboard */ = {
			isa = PBXVariantGroup;
			children = (
				4A2F3A671FA6B29800DA2986 /* Base */,
			);
			name = Main.storyboard;
			sourceTree = "<group>";
		};
		4A2F3A6B1FA6B29800DA2986 /* LaunchScreen.storyboard */ = {
			isa = PBXVariantGroup;
			children = (
				4A2F3A6C1FA6B29800DA2986 /* Base */,
			);
			name = LaunchScreen.storyboard;
			sourceTree = "<group>";
		};
		4A2F3A811FA6D20A00DA2986 /* Main.storyboard */ = {
			isa = PBXVariantGroup;
			children = (
				4A2F3A821FA6D20A00DA2986 /* Base */,
			);
			name = Main.storyboard;
			sourceTree = "<group>";
		};
		4A2F3A861FA6D20A00DA2986 /* LaunchScreen.storyboard */ = {
			isa = PBXVariantGroup;
			children = (
				4A2F3A871FA6D20A00DA2986 /* Base */,
			);
			name = LaunchScreen.storyboard;
			sourceTree = "<group>";
		};
		4A2F3A9E1FA711EA00DA2986 /* Main.storyboard */ = {
			isa = PBXVariantGroup;
			children = (
				4A2F3A9F1FA711EA00DA2986 /* Base */,
			);
			name = Main.storyboard;
			sourceTree = "<group>";
		};
		4A2F3AA31FA711EA00DA2986 /* LaunchScreen.storyboard */ = {
			isa = PBXVariantGroup;
			children = (
				4A2F3AA41FA711EA00DA2986 /* Base */,
			);
			name = LaunchScreen.storyboard;
			sourceTree = "<group>";
		};
		4A6460B41F97854C00232CB5 /* Main.storyboard */ = {
			isa = PBXVariantGroup;
			children = (
				4A6460B51F97854C00232CB5 /* Base */,
			);
			name = Main.storyboard;
			sourceTree = "<group>";
		};
		4A6460B91F97854C00232CB5 /* LaunchScreen.storyboard */ = {
			isa = PBXVariantGroup;
			children = (
				4A6460BA1F97854C00232CB5 /* Base */,
			);
			name = LaunchScreen.storyboard;
			sourceTree = "<group>";
		};
		4ACA39821FA8B784005B046D /* Main.storyboard */ = {
			isa = PBXVariantGroup;
			children = (
				4ACA39831FA8B784005B046D /* Base */,
			);
			name = Main.storyboard;
			sourceTree = "<group>";
		};
		4ACA39871FA8B784005B046D /* LaunchScreen.storyboard */ = {
			isa = PBXVariantGroup;
			children = (
				4ACA39881FA8B784005B046D /* Base */,
			);
			name = LaunchScreen.storyboard;
			sourceTree = "<group>";
		};
		EE7B840B200350A000C12DB4 /* Main.storyboard */ = {
			isa = PBXVariantGroup;
			children = (
				EE7B840C200350A000C12DB4 /* Base */,
			);
			name = Main.storyboard;
			sourceTree = "<group>";
		};
		EE7B8410200350A000C12DB4 /* LaunchScreen.storyboard */ = {
			isa = PBXVariantGroup;
			children = (
				EE7B8411200350A000C12DB4 /* Base */,
			);
			name = LaunchScreen.storyboard;
			sourceTree = "<group>";
		};
/* End PBXVariantGroup section */

/* Begin XCBuildConfiguration section */
		4A07C97A1FA2122B00AFD762 /* Debug */ = {
			isa = XCBuildConfiguration;
			buildSettings = {
				ASSETCATALOG_COMPILER_APPICON_NAME = AppIcon;
				CODE_SIGN_STYLE = Automatic;
				DEVELOPMENT_TEAM = DC35AE2KQN;
				INFOPLIST_FILE = algorithm/Info.plist;
				LD_RUNPATH_SEARCH_PATHS = "$(inherited) @executable_path/Frameworks";
				PRODUCT_BUNDLE_IDENTIFIER = com.warmap.algorithm;
				PRODUCT_NAME = "$(TARGET_NAME)";
				TARGETED_DEVICE_FAMILY = "1,2";
			};
			name = Debug;
		};
		4A07C97B1FA2122B00AFD762 /* Release */ = {
			isa = XCBuildConfiguration;
			buildSettings = {
				ASSETCATALOG_COMPILER_APPICON_NAME = AppIcon;
				CODE_SIGN_STYLE = Automatic;
				DEVELOPMENT_TEAM = DC35AE2KQN;
				INFOPLIST_FILE = algorithm/Info.plist;
				LD_RUNPATH_SEARCH_PATHS = "$(inherited) @executable_path/Frameworks";
				PRODUCT_BUNDLE_IDENTIFIER = com.warmap.algorithm;
				PRODUCT_NAME = "$(TARGET_NAME)";
				TARGETED_DEVICE_FAMILY = "1,2";
			};
			name = Release;
		};
		4A1FC3811FA872CC005DF9D6 /* Debug */ = {
			isa = XCBuildConfiguration;
			buildSettings = {
				ASSETCATALOG_COMPILER_APPICON_NAME = AppIcon;
				CODE_SIGN_STYLE = Automatic;
				DEVELOPMENT_TEAM = DC35AE2KQN;
				INFOPLIST_FILE = Notification/Info.plist;
				LD_RUNPATH_SEARCH_PATHS = "$(inherited) @executable_path/Frameworks";
				PRODUCT_BUNDLE_IDENTIFIER = com.warmap.Notification;
				PRODUCT_NAME = "$(TARGET_NAME)";
				TARGETED_DEVICE_FAMILY = "1,2";
			};
			name = Debug;
		};
		4A1FC3821FA872CC005DF9D6 /* Release */ = {
			isa = XCBuildConfiguration;
			buildSettings = {
				ASSETCATALOG_COMPILER_APPICON_NAME = AppIcon;
				CODE_SIGN_STYLE = Automatic;
				DEVELOPMENT_TEAM = DC35AE2KQN;
				INFOPLIST_FILE = Notification/Info.plist;
				LD_RUNPATH_SEARCH_PATHS = "$(inherited) @executable_path/Frameworks";
				PRODUCT_BUNDLE_IDENTIFIER = com.warmap.Notification;
				PRODUCT_NAME = "$(TARGET_NAME)";
				TARGETED_DEVICE_FAMILY = "1,2";
			};
			name = Release;
		};
		4A2F3A711FA6B29800DA2986 /* Debug */ = {
			isa = XCBuildConfiguration;
			buildSettings = {
				ASSETCATALOG_COMPILER_APPICON_NAME = AppIcon;
				CODE_SIGN_STYLE = Automatic;
				DEVELOPMENT_TEAM = DC35AE2KQN;
				INFOPLIST_FILE = Thread/Info.plist;
				LD_RUNPATH_SEARCH_PATHS = "$(inherited) @executable_path/Frameworks";
				PRODUCT_BUNDLE_IDENTIFIER = com.warmap.Thread;
				PRODUCT_NAME = "$(TARGET_NAME)";
				TARGETED_DEVICE_FAMILY = "1,2";
			};
			name = Debug;
		};
		4A2F3A721FA6B29800DA2986 /* Release */ = {
			isa = XCBuildConfiguration;
			buildSettings = {
				ASSETCATALOG_COMPILER_APPICON_NAME = AppIcon;
				CODE_SIGN_STYLE = Automatic;
				DEVELOPMENT_TEAM = DC35AE2KQN;
				INFOPLIST_FILE = Thread/Info.plist;
				LD_RUNPATH_SEARCH_PATHS = "$(inherited) @executable_path/Frameworks";
				PRODUCT_BUNDLE_IDENTIFIER = com.warmap.Thread;
				PRODUCT_NAME = "$(TARGET_NAME)";
				TARGETED_DEVICE_FAMILY = "1,2";
			};
			name = Release;
		};
		4A2F3A8D1FA6D20A00DA2986 /* Debug */ = {
			isa = XCBuildConfiguration;
			buildSettings = {
				ASSETCATALOG_COMPILER_APPICON_NAME = AppIcon;
				CODE_SIGN_STYLE = Automatic;
				DEVELOPMENT_TEAM = DC35AE2KQN;
				INFOPLIST_FILE = Runtime/Info.plist;
				LD_RUNPATH_SEARCH_PATHS = "$(inherited) @executable_path/Frameworks";
				PRODUCT_BUNDLE_IDENTIFIER = com.warmap.Runtime;
				PRODUCT_NAME = "$(TARGET_NAME)";
				TARGETED_DEVICE_FAMILY = "1,2";
			};
			name = Debug;
		};
		4A2F3A8E1FA6D20A00DA2986 /* Release */ = {
			isa = XCBuildConfiguration;
			buildSettings = {
				ASSETCATALOG_COMPILER_APPICON_NAME = AppIcon;
				CODE_SIGN_STYLE = Automatic;
				DEVELOPMENT_TEAM = DC35AE2KQN;
				INFOPLIST_FILE = Runtime/Info.plist;
				LD_RUNPATH_SEARCH_PATHS = "$(inherited) @executable_path/Frameworks";
				PRODUCT_BUNDLE_IDENTIFIER = com.warmap.Runtime;
				PRODUCT_NAME = "$(TARGET_NAME)";
				TARGETED_DEVICE_FAMILY = "1,2";
			};
			name = Release;
		};
		4A2F3AAA1FA711EA00DA2986 /* Debug */ = {
			isa = XCBuildConfiguration;
			buildSettings = {
				ASSETCATALOG_COMPILER_APPICON_NAME = AppIcon;
				CODE_SIGN_STYLE = Automatic;
				DEVELOPMENT_TEAM = DC35AE2KQN;
				INFOPLIST_FILE = Block/Info.plist;
				LD_RUNPATH_SEARCH_PATHS = "$(inherited) @executable_path/Frameworks";
				PRODUCT_BUNDLE_IDENTIFIER = com.warmap.Block;
				PRODUCT_NAME = "$(TARGET_NAME)";
				TARGETED_DEVICE_FAMILY = "1,2";
			};
			name = Debug;
		};
		4A2F3AAB1FA711EA00DA2986 /* Release */ = {
			isa = XCBuildConfiguration;
			buildSettings = {
				ASSETCATALOG_COMPILER_APPICON_NAME = AppIcon;
				CODE_SIGN_STYLE = Automatic;
				DEVELOPMENT_TEAM = DC35AE2KQN;
				INFOPLIST_FILE = Block/Info.plist;
				LD_RUNPATH_SEARCH_PATHS = "$(inherited) @executable_path/Frameworks";
				PRODUCT_BUNDLE_IDENTIFIER = com.warmap.Block;
				PRODUCT_NAME = "$(TARGET_NAME)";
				TARGETED_DEVICE_FAMILY = "1,2";
			};
			name = Release;
		};
		4A6460BF1F97854C00232CB5 /* Debug */ = {
			isa = XCBuildConfiguration;
			buildSettings = {
				ALWAYS_SEARCH_USER_PATHS = NO;
				CLANG_ANALYZER_NONNULL = YES;
				CLANG_ANALYZER_NUMBER_OBJECT_CONVERSION = YES_AGGRESSIVE;
				CLANG_CXX_LANGUAGE_STANDARD = "gnu++14";
				CLANG_CXX_LIBRARY = "libc++";
				CLANG_ENABLE_MODULES = YES;
				CLANG_ENABLE_OBJC_ARC = YES;
				CLANG_WARN_BLOCK_CAPTURE_AUTORELEASING = YES;
				CLANG_WARN_BOOL_CONVERSION = YES;
				CLANG_WARN_COMMA = YES;
				CLANG_WARN_CONSTANT_CONVERSION = YES;
				CLANG_WARN_DIRECT_OBJC_ISA_USAGE = YES_ERROR;
				CLANG_WARN_DOCUMENTATION_COMMENTS = YES;
				CLANG_WARN_EMPTY_BODY = YES;
				CLANG_WARN_ENUM_CONVERSION = YES;
				CLANG_WARN_INFINITE_RECURSION = YES;
				CLANG_WARN_INT_CONVERSION = YES;
				CLANG_WARN_NON_LITERAL_NULL_CONVERSION = YES;
				CLANG_WARN_OBJC_LITERAL_CONVERSION = YES;
				CLANG_WARN_OBJC_ROOT_CLASS = YES_ERROR;
				CLANG_WARN_RANGE_LOOP_ANALYSIS = YES;
				CLANG_WARN_STRICT_PROTOTYPES = YES;
				CLANG_WARN_SUSPICIOUS_MOVE = YES;
				CLANG_WARN_UNGUARDED_AVAILABILITY = YES_AGGRESSIVE;
				CLANG_WARN_UNREACHABLE_CODE = YES;
				CLANG_WARN__DUPLICATE_METHOD_MATCH = YES;
				CODE_SIGN_IDENTITY = "iPhone Developer";
				COPY_PHASE_STRIP = NO;
				DEBUG_INFORMATION_FORMAT = dwarf;
				ENABLE_STRICT_OBJC_MSGSEND = YES;
				ENABLE_TESTABILITY = YES;
				GCC_C_LANGUAGE_STANDARD = gnu11;
				GCC_DYNAMIC_NO_PIC = NO;
				GCC_NO_COMMON_BLOCKS = YES;
				GCC_OPTIMIZATION_LEVEL = 0;
				GCC_PREPROCESSOR_DEFINITIONS = (
					"DEBUG=1",
					"$(inherited)",
				);
				GCC_WARN_64_TO_32_BIT_CONVERSION = YES;
				GCC_WARN_ABOUT_RETURN_TYPE = YES_ERROR;
				GCC_WARN_UNDECLARED_SELECTOR = YES;
				GCC_WARN_UNINITIALIZED_AUTOS = YES_AGGRESSIVE;
				GCC_WARN_UNUSED_FUNCTION = YES;
				GCC_WARN_UNUSED_VARIABLE = YES;
				IPHONEOS_DEPLOYMENT_TARGET = 11.0;
				MTL_ENABLE_DEBUG_INFO = YES;
				ONLY_ACTIVE_ARCH = YES;
				SDKROOT = iphoneos;
			};
			name = Debug;
		};
		4A6460C01F97854C00232CB5 /* Release */ = {
			isa = XCBuildConfiguration;
			buildSettings = {
				ALWAYS_SEARCH_USER_PATHS = NO;
				CLANG_ANALYZER_NONNULL = YES;
				CLANG_ANALYZER_NUMBER_OBJECT_CONVERSION = YES_AGGRESSIVE;
				CLANG_CXX_LANGUAGE_STANDARD = "gnu++14";
				CLANG_CXX_LIBRARY = "libc++";
				CLANG_ENABLE_MODULES = YES;
				CLANG_ENABLE_OBJC_ARC = YES;
				CLANG_WARN_BLOCK_CAPTURE_AUTORELEASING = YES;
				CLANG_WARN_BOOL_CONVERSION = YES;
				CLANG_WARN_COMMA = YES;
				CLANG_WARN_CONSTANT_CONVERSION = YES;
				CLANG_WARN_DIRECT_OBJC_ISA_USAGE = YES_ERROR;
				CLANG_WARN_DOCUMENTATION_COMMENTS = YES;
				CLANG_WARN_EMPTY_BODY = YES;
				CLANG_WARN_ENUM_CONVERSION = YES;
				CLANG_WARN_INFINITE_RECURSION = YES;
				CLANG_WARN_INT_CONVERSION = YES;
				CLANG_WARN_NON_LITERAL_NULL_CONVERSION = YES;
				CLANG_WARN_OBJC_LITERAL_CONVERSION = YES;
				CLANG_WARN_OBJC_ROOT_CLASS = YES_ERROR;
				CLANG_WARN_RANGE_LOOP_ANALYSIS = YES;
				CLANG_WARN_STRICT_PROTOTYPES = YES;
				CLANG_WARN_SUSPICIOUS_MOVE = YES;
				CLANG_WARN_UNGUARDED_AVAILABILITY = YES_AGGRESSIVE;
				CLANG_WARN_UNREACHABLE_CODE = YES;
				CLANG_WARN__DUPLICATE_METHOD_MATCH = YES;
				CODE_SIGN_IDENTITY = "iPhone Developer";
				COPY_PHASE_STRIP = NO;
				DEBUG_INFORMATION_FORMAT = "dwarf-with-dsym";
				ENABLE_NS_ASSERTIONS = NO;
				ENABLE_STRICT_OBJC_MSGSEND = YES;
				GCC_C_LANGUAGE_STANDARD = gnu11;
				GCC_NO_COMMON_BLOCKS = YES;
				GCC_WARN_64_TO_32_BIT_CONVERSION = YES;
				GCC_WARN_ABOUT_RETURN_TYPE = YES_ERROR;
				GCC_WARN_UNDECLARED_SELECTOR = YES;
				GCC_WARN_UNINITIALIZED_AUTOS = YES_AGGRESSIVE;
				GCC_WARN_UNUSED_FUNCTION = YES;
				GCC_WARN_UNUSED_VARIABLE = YES;
				IPHONEOS_DEPLOYMENT_TARGET = 11.0;
				MTL_ENABLE_DEBUG_INFO = NO;
				SDKROOT = iphoneos;
				VALIDATE_PRODUCT = YES;
			};
			name = Release;
		};
		4A6460C21F97854C00232CB5 /* Debug */ = {
			isa = XCBuildConfiguration;
			buildSettings = {
				ASSETCATALOG_COMPILER_APPICON_NAME = AppIcon;
				CODE_SIGN_STYLE = Automatic;
				DEVELOPMENT_TEAM = DC35AE2KQN;
				INFOPLIST_FILE = Demo/Info.plist;
				LD_RUNPATH_SEARCH_PATHS = "$(inherited) @executable_path/Frameworks";
				PRODUCT_BUNDLE_IDENTIFIER = com.warmap.Demo;
				PRODUCT_NAME = "$(TARGET_NAME)";
				TARGETED_DEVICE_FAMILY = "1,2";
			};
			name = Debug;
		};
		4A6460C31F97854C00232CB5 /* Release */ = {
			isa = XCBuildConfiguration;
			buildSettings = {
				ASSETCATALOG_COMPILER_APPICON_NAME = AppIcon;
				CODE_SIGN_STYLE = Automatic;
				DEVELOPMENT_TEAM = DC35AE2KQN;
				INFOPLIST_FILE = Demo/Info.plist;
				LD_RUNPATH_SEARCH_PATHS = "$(inherited) @executable_path/Frameworks";
				PRODUCT_BUNDLE_IDENTIFIER = com.warmap.Demo;
				PRODUCT_NAME = "$(TARGET_NAME)";
				TARGETED_DEVICE_FAMILY = "1,2";
			};
			name = Release;
		};
		4ACA398D1FA8B784005B046D /* Debug */ = {
			isa = XCBuildConfiguration;
			buildSettings = {
				ASSETCATALOG_COMPILER_APPICON_NAME = AppIcon;
				CODE_SIGN_STYLE = Automatic;
				DEVELOPMENT_TEAM = DC35AE2KQN;
				INFOPLIST_FILE = KVO/Info.plist;
				LD_RUNPATH_SEARCH_PATHS = "$(inherited) @executable_path/Frameworks";
				PRODUCT_BUNDLE_IDENTIFIER = com.warmap.KVO;
				PRODUCT_NAME = "$(TARGET_NAME)";
				TARGETED_DEVICE_FAMILY = "1,2";
			};
			name = Debug;
		};
		4ACA398E1FA8B784005B046D /* Release */ = {
			isa = XCBuildConfiguration;
			buildSettings = {
				ASSETCATALOG_COMPILER_APPICON_NAME = AppIcon;
				CODE_SIGN_STYLE = Automatic;
				DEVELOPMENT_TEAM = DC35AE2KQN;
				INFOPLIST_FILE = KVO/Info.plist;
				LD_RUNPATH_SEARCH_PATHS = "$(inherited) @executable_path/Frameworks";
				PRODUCT_BUNDLE_IDENTIFIER = com.warmap.KVO;
				PRODUCT_NAME = "$(TARGET_NAME)";
				TARGETED_DEVICE_FAMILY = "1,2";
			};
			name = Release;
		};
		EE7B8416200350A000C12DB4 /* Debug */ = {
			isa = XCBuildConfiguration;
			buildSettings = {
				ASSETCATALOG_COMPILER_APPICON_NAME = AppIcon;
				CODE_SIGN_STYLE = Automatic;
				DEVELOPMENT_TEAM = 776Q4HVMDN;
				INFOPLIST_FILE = Quartz2d/Info.plist;
				IPHONEOS_DEPLOYMENT_TARGET = 9.0;
				LD_RUNPATH_SEARCH_PATHS = "$(inherited) @executable_path/Frameworks";
				PRODUCT_BUNDLE_IDENTIFIER = com.warmap.Quartz2d;
				PRODUCT_NAME = "$(TARGET_NAME)";
				TARGETED_DEVICE_FAMILY = "1,2";
			};
			name = Debug;
		};
		EE7B8417200350A000C12DB4 /* Release */ = {
			isa = XCBuildConfiguration;
			buildSettings = {
				ASSETCATALOG_COMPILER_APPICON_NAME = AppIcon;
				CODE_SIGN_STYLE = Automatic;
				DEVELOPMENT_TEAM = 776Q4HVMDN;
				INFOPLIST_FILE = Quartz2d/Info.plist;
				IPHONEOS_DEPLOYMENT_TARGET = 9.0;
				LD_RUNPATH_SEARCH_PATHS = "$(inherited) @executable_path/Frameworks";
				PRODUCT_BUNDLE_IDENTIFIER = com.warmap.Quartz2d;
				PRODUCT_NAME = "$(TARGET_NAME)";
				TARGETED_DEVICE_FAMILY = "1,2";
			};
			name = Release;
		};
/* End XCBuildConfiguration section */

/* Begin XCConfigurationList section */
		4A07C97C1FA2122B00AFD762 /* Build configuration list for PBXNativeTarget "algorithm" */ = {
			isa = XCConfigurationList;
			buildConfigurations = (
				4A07C97A1FA2122B00AFD762 /* Debug */,
				4A07C97B1FA2122B00AFD762 /* Release */,
			);
			defaultConfigurationIsVisible = 0;
			defaultConfigurationName = Release;
		};
		4A1FC3831FA872CC005DF9D6 /* Build configuration list for PBXNativeTarget "Notification" */ = {
			isa = XCConfigurationList;
			buildConfigurations = (
				4A1FC3811FA872CC005DF9D6 /* Debug */,
				4A1FC3821FA872CC005DF9D6 /* Release */,
			);
			defaultConfigurationIsVisible = 0;
			defaultConfigurationName = Release;
		};
		4A2F3A731FA6B29800DA2986 /* Build configuration list for PBXNativeTarget "Thread" */ = {
			isa = XCConfigurationList;
			buildConfigurations = (
				4A2F3A711FA6B29800DA2986 /* Debug */,
				4A2F3A721FA6B29800DA2986 /* Release */,
			);
			defaultConfigurationIsVisible = 0;
			defaultConfigurationName = Release;
		};
		4A2F3A8C1FA6D20A00DA2986 /* Build configuration list for PBXNativeTarget "Runtime" */ = {
			isa = XCConfigurationList;
			buildConfigurations = (
				4A2F3A8D1FA6D20A00DA2986 /* Debug */,
				4A2F3A8E1FA6D20A00DA2986 /* Release */,
			);
			defaultConfigurationIsVisible = 0;
			defaultConfigurationName = Release;
		};
		4A2F3AA91FA711EA00DA2986 /* Build configuration list for PBXNativeTarget "Block" */ = {
			isa = XCConfigurationList;
			buildConfigurations = (
				4A2F3AAA1FA711EA00DA2986 /* Debug */,
				4A2F3AAB1FA711EA00DA2986 /* Release */,
			);
			defaultConfigurationIsVisible = 0;
			defaultConfigurationName = Release;
		};
		4A6460A61F97854C00232CB5 /* Build configuration list for PBXProject "Demo" */ = {
			isa = XCConfigurationList;
			buildConfigurations = (
				4A6460BF1F97854C00232CB5 /* Debug */,
				4A6460C01F97854C00232CB5 /* Release */,
			);
			defaultConfigurationIsVisible = 0;
			defaultConfigurationName = Release;
		};
		4A6460C11F97854C00232CB5 /* Build configuration list for PBXNativeTarget "Demo" */ = {
			isa = XCConfigurationList;
			buildConfigurations = (
				4A6460C21F97854C00232CB5 /* Debug */,
				4A6460C31F97854C00232CB5 /* Release */,
			);
			defaultConfigurationIsVisible = 0;
			defaultConfigurationName = Release;
		};
		4ACA398F1FA8B784005B046D /* Build configuration list for PBXNativeTarget "KVO" */ = {
			isa = XCConfigurationList;
			buildConfigurations = (
				4ACA398D1FA8B784005B046D /* Debug */,
				4ACA398E1FA8B784005B046D /* Release */,
			);
			defaultConfigurationIsVisible = 0;
			defaultConfigurationName = Release;
		};
		EE7B8418200350A000C12DB4 /* Build configuration list for PBXNativeTarget "Quartz2d" */ = {
			isa = XCConfigurationList;
			buildConfigurations = (
				EE7B8416200350A000C12DB4 /* Debug */,
				EE7B8417200350A000C12DB4 /* Release */,
			);
			defaultConfigurationIsVisible = 0;
			defaultConfigurationName = Release;
		};
/* End XCConfigurationList section */
	};
	rootObject = 4A6460A31F97854C00232CB5 /* Project object */;
}
